
Microsoft Visual Studio Solution File, Format Version 12.00
Project("{2150E333-8FDC-42A3-9474-1A3956D46DE8}") = "Services", "Services", "{63572722-C732-4F4A-9D93-8B506D544105}"
EndProject
Project("{2150E333-8FDC-42A3-9474-1A3956D46DE8}") = "Catalog", "Catalog", "{04EDAE43-C4FC-4625-8FB6-23DC348D84A3}"
EndProject
Project("{FAE04EC0-301F-11D3-BF4B-00C04F79EFBC}") = "Catalog.Api", "Services\Catalog\Catalog.Api\Catalog.Api.csproj", "{44BDA9FE-21D2-41E7-ABBC-8825EF731F01}"
EndProject
Project("{FAE04EC0-301F-11D3-BF4B-00C04F79EFBC}") = "BuildingBlocks", "BuildingBlocks\BuildingBlocks.csproj", "{D8A9DA9B-80C0-4EAE-AA7E-33F00A400AC1}"
EndProject
Project("{2150E333-8FDC-42A3-9474-1A3956D46DE8}") = "Solution Items", "Solution Items", "{3BC926A0-7DF8-4DBB-B0C7-5A88C8DAF1B4}"
	ProjectSection(SolutionItems) = preProject
		docker-compose.yml = docker-compose.yml
	EndProjectSection
EndProject
Global
	GlobalSection(SolutionConfigurationPlatforms) = preSolution
		Debug|Any CPU = Debug|Any CPU
		Release|Any CPU = Release|Any CPU
	EndGlobalSection
	GlobalSection(ProjectConfigurationPlatforms) = postSolution
		{44BDA9FE-21D2-41E7-ABBC-8825EF731F01}.Debug|Any CPU.ActiveCfg = Debug|Any CPU
		{44BDA9FE-21D2-41E7-ABBC-8825EF731F01}.Debug|Any CPU.Build.0 = Debug|Any CPU
		{44BDA9FE-21D2-41E7-ABBC-8825EF731F01}.Release|Any CPU.ActiveCfg = Release|Any CPU
		{44BDA9FE-21D2-41E7-ABBC-8825EF731F01}.Release|Any CPU.Build.0 = Release|Any CPU
		{D8A9DA9B-80C0-4EAE-AA7E-33F00A400AC1}.Debug|Any CPU.ActiveCfg = Debug|Any CPU
		{D8A9DA9B-80C0-4EAE-AA7E-33F00A400AC1}.Debug|Any CPU.Build.0 = Debug|Any CPU
		{D8A9DA9B-80C0-4EAE-AA7E-33F00A400AC1}.Release|Any CPU.ActiveCfg = Release|Any CPU
		{D8A9DA9B-80C0-4EAE-AA7E-33F00A400AC1}.Release|Any CPU.Build.0 = Release|Any CPU
	EndGlobalSection
	GlobalSection(NestedProjects) = preSolution
		{04EDAE43-C4FC-4625-8FB6-23DC348D84A3} = {63572722-C732-4F4A-9D93-8B506D544105}
		{44BDA9FE-21D2-41E7-ABBC-8825EF731F01} = {04EDAE43-C4FC-4625-8FB6-23DC348D84A3}
	EndGlobalSection
EndGlobal
